
Microsoft Visual Studio Solution File, Format Version 10.00
# Visual Studio 2008
Project("{8BC9CEB8-8B4A-11D0-8D11-00A0C91BC942}") = "Chap5_Kruskal", "Chap5_Kruskal.vcproj", "{29F390B5-378E-472E-83C1-A2ED194B476B}"
EndProject
Global
	GlobalSection(SolutionConfigurationPlatforms) = preSolution
		Debug|Win32 = Debug|Win32
		Release|Win32 = Release|Win32
	EndGlobalSection
	GlobalSection(ProjectConfigurationPlatforms) = postSolution
		{29F390B5-378E-472E-83C1-A2ED194B476B}.Debug|Win32.ActiveCfg = Debug|Win32
		{29F390B5-378E-472E-83C1-A2ED194B476B}.Debug|Win32.Build.0 = Debug|Win32
		{29F390B5-378E-472E-83C1-A2ED194B476B}.Release|Win32.ActiveCfg = Release|Win32
		{29F390B5-378E-472E-83C1-A2ED194B476B}.Release|Win32.Build.0 = Release|Win32
	EndGlobalSection
	GlobalSection(SolutionProperties) = preSolution
		HideSolutionNode = FALSE
	EndGlobalSection
EndGlobal
