
Microsoft Visual Studio Solution File, Format Version 10.00
# Visual Studio 2008
Project("{8BC9CEB8-8B4A-11D0-8D11-00A0C91BC942}") = "Chap4_QuickSort", "Chap4_QuickSort.vcproj", "{8042F3FB-12A4-46CD-AD80-E9B6A0CA4568}"
EndProject
Global
	GlobalSection(SolutionConfigurationPlatforms) = preSolution
		Debug|Win32 = Debug|Win32
		Release|Win32 = Release|Win32
	EndGlobalSection
	GlobalSection(ProjectConfigurationPlatforms) = postSolution
		{8042F3FB-12A4-46CD-AD80-E9B6A0CA4568}.Debug|Win32.ActiveCfg = Debug|Win32
		{8042F3FB-12A4-46CD-AD80-E9B6A0CA4568}.Debug|Win32.Build.0 = Debug|Win32
		{8042F3FB-12A4-46CD-AD80-E9B6A0CA4568}.Release|Win32.ActiveCfg = Release|Win32
		{8042F3FB-12A4-46CD-AD80-E9B6A0CA4568}.Release|Win32.Build.0 = Release|Win32
	EndGlobalSection
	GlobalSection(SolutionProperties) = preSolution
		HideSolutionNode = FALSE
	EndGlobalSection
EndGlobal
